// !$*UTF8*$!
{
	archiveVersion = 1;
	classes = {
	};
	objectVersion = 55;
	objects = {

/* Begin PBXBuildFile section */
		CD089AB328731AEC00D0FE3B /* Striped.swift in Sources */ = {isa = PBXBuildFile; fileRef = CD089AB228731AEC00D0FE3B /* Striped.swift */; };
		CD089AB52873A0C900D0FE3B /* Squiggly.swift in Sources */ = {isa = PBXBuildFile; fileRef = CD089AB42873A0C900D0FE3B /* Squiggly.swift */; };
		CDCD90F628678854005FAEDC /* a3App.swift in Sources */ = {isa = PBXBuildFile; fileRef = CDCD90F528678854005FAEDC /* a3App.swift */; };
		CDCD90F828678854005FAEDC /* ContentView.swift in Sources */ = {isa = PBXBuildFile; fileRef = CDCD90F728678854005FAEDC /* ContentView.swift */; };
		CDCD90FA28678859005FAEDC /* Assets.xcassets in Resources */ = {isa = PBXBuildFile; fileRef = CDCD90F928678859005FAEDC /* Assets.xcassets */; };
		CDCD90FD28678859005FAEDC /* Preview Assets.xcassets in Resources */ = {isa = PBXBuildFile; fileRef = CDCD90FC28678859005FAEDC /* Preview Assets.xcassets */; };
		CDCD910428679526005FAEDC /* GameModel.swift in Sources */ = {isa = PBXBuildFile; fileRef = CDCD910328679526005FAEDC /* GameModel.swift */; };
		CDCD91062867991C005FAEDC /* GameViewModel.swift in Sources */ = {isa = PBXBuildFile; fileRef = CDCD91052867991C005FAEDC /* GameViewModel.swift */; };
		CDCD91082868E3F1005FAEDC /* AspectVGrid.swift in Sources */ = {isa = PBXBuildFile; fileRef = CDCD91072868E3F1005FAEDC /* AspectVGrid.swift */; };
		CDCD910C2868E860005FAEDC /* Diamond.swift in Sources */ = {isa = PBXBuildFile; fileRef = CDCD910B2868E860005FAEDC /* Diamond.swift */; };
/* End PBXBuildFile section */

/* Begin PBXFileReference section */
		CD089AB228731AEC00D0FE3B /* Striped.swift */ = {isa = PBXFileReference; lastKnownFileType = sourcecode.swift; path = Striped.swift; sourceTree = "<group>"; };
		CD089AB42873A0C900D0FE3B /* Squiggly.swift */ = {isa = PBXFileReference; lastKnownFileType = sourcecode.swift; path = Squiggly.swift; sourceTree = "<group>"; };
		CDCD90F228678854005FAEDC /* a3.app */ = {isa = PBXFileReference; explicitFileType = wrapper.application; includeInIndex = 0; path = a3.app; sourceTree = BUILT_PRODUCTS_DIR; };
		CDCD90F528678854005FAEDC /* a3App.swift */ = {isa = PBXFileReference; lastKnownFileType = sourcecode.swift; path = a3App.swift; sourceTree = "<group>"; };
		CDCD90F728678854005FAEDC /* ContentView.swift */ = {isa = PBXFileReference; lastKnownFileType = sourcecode.swift; path = ContentView.swift; sourceTree = "<group>"; };
		CDCD90F928678859005FAEDC /* Assets.xcassets */ = {isa = PBXFileReference; lastKnownFileType = folder.assetcatalog; path = Assets.xcassets; sourceTree = "<group>"; };
		CDCD90FC28678859005FAEDC /* Preview Assets.xcassets */ = {isa = PBXFileReference; lastKnownFileType = folder.assetcatalog; path = "Preview Assets.xcassets"; sourceTree = "<group>"; };
		CDCD910328679526005FAEDC /* GameModel.swift */ = {isa = PBXFileReference; lastKnownFileType = sourcecode.swift; path = GameModel.swift; sourceTree = "<group>"; };
		CDCD91052867991C005FAEDC /* GameViewModel.swift */ = {isa = PBXFileReference; lastKnownFileType = sourcecode.swift; path = GameViewModel.swift; sourceTree = "<group>"; };
		CDCD91072868E3F1005FAEDC /* AspectVGrid.swift */ = {isa = PBXFileReference; lastKnownFileType = sourcecode.swift; path = AspectVGrid.swift; sourceTree = "<group>"; };
		CDCD910B2868E860005FAEDC /* Diamond.swift */ = {isa = PBXFileReference; lastKnownFileType = sourcecode.swift; path = Diamond.swift; sourceTree = "<group>"; };
/* End PBXFileReference section */

/* Begin PBXFrameworksBuildPhase section */
		CDCD90EF28678854005FAEDC /* Frameworks */ = {
			isa = PBXFrameworksBuildPhase;
			buildActionMask = 2147483647;
			files = (
			);
			runOnlyForDeploymentPostprocessing = 0;
		};
/* End PBXFrameworksBuildPhase section */

/* Begin PBXGroup section */
		CDCD90E928678854005FAEDC = {
			isa = PBXGroup;
			children = (
				CDCD90F428678854005FAEDC /* a3 */,
				CDCD90F328678854005FAEDC /* Products */,
			);
			sourceTree = "<group>";
		};
		CDCD90F328678854005FAEDC /* Products */ = {
			isa = PBXGroup;
			children = (
				CDCD90F228678854005FAEDC /* a3.app */,
			);
			name = Products;
			sourceTree = "<group>";
		};
		CDCD90F428678854005FAEDC /* a3 */ = {
			isa = PBXGroup;
			children = (
				CD089AB42873A0C900D0FE3B /* Squiggly.swift */,
				CD089AB228731AEC00D0FE3B /* Striped.swift */,
				CDCD90F528678854005FAEDC /* a3App.swift */,
				CDCD90F728678854005FAEDC /* ContentView.swift */,
				CDCD910328679526005FAEDC /* GameModel.swift */,
				CDCD91052867991C005FAEDC /* GameViewModel.swift */,
				CDCD910B2868E860005FAEDC /* Diamond.swift */,
				CDCD91072868E3F1005FAEDC /* AspectVGrid.swift */,
				CDCD90F928678859005FAEDC /* Assets.xcassets */,
				CDCD90FB28678859005FAEDC /* Preview Content */,
			);
			path = a3;
			sourceTree = "<group>";
		};
		CDCD90FB28678859005FAEDC /* Preview Content */ = {
			isa = PBXGroup;
			children = (
				CDCD90FC28678859005FAEDC /* Preview Assets.xcassets */,
			);
			path = "Preview Content";
			sourceTree = "<group>";
		};
/* End PBXGroup section */

/* Begin PBXNativeTarget section */
		CDCD90F128678854005FAEDC /* a3 */ = {
			isa = PBXNativeTarget;
			buildConfigurationList = CDCD910028678859005FAEDC /* Build configuration list for PBXNativeTarget "a3" */;
			buildPhases = (
				CDCD90EE28678854005FAEDC /* Sources */,
				CDCD90EF28678854005FAEDC /* Frameworks */,
				CDCD90F028678854005FAEDC /* Resources */,
			);
			buildRules = (
			);
			dependencies = (
			);
			name = a3;
			productName = a3;
			productReference = CDCD90F228678854005FAEDC /* a3.app */;
			productType = "com.apple.product-type.application";
		};
/* End PBXNativeTarget section */

/* Begin PBXProject section */
		CDCD90EA28678854005FAEDC /* Project object */ = {
			isa = PBXProject;
			attributes = {
				BuildIndependentTargetsInParallel = 1;
				LastSwiftUpdateCheck = 1330;
				LastUpgradeCheck = 1330;
				TargetAttributes = {
					CDCD90F128678854005FAEDC = {
						CreatedOnToolsVersion = 13.3.1;
					};
				};
			};
			buildConfigurationList = CDCD90ED28678854005FAEDC /* Build configuration list for PBXProject "a3" */;
			compatibilityVersion = "Xcode 13.0";
			developmentRegion = en;
			hasScannedForEncodings = 0;
			knownRegions = (
				en,
				Base,
			);
			mainGroup = CDCD90E928678854005FAEDC;
			productRefGroup = CDCD90F328678854005FAEDC /* Products */;
			projectDirPath = "";
			projectRoot = "";
			targets = (
				CDCD90F128678854005FAEDC /* a3 */,
			);
		};
/* End PBXProject section */

/* Begin PBXResourcesBuildPhase section */
		CDCD90F028678854005FAEDC /* Resources */ = {
			isa = PBXResourcesBuildPhase;
			buildActionMask = 2147483647;
			files = (
				CDCD90FD28678859005FAEDC /* Preview Assets.xcassets in Resources */,
				CDCD90FA28678859005FAEDC /* Assets.xcassets in Resources */,
			);
			runOnlyForDeploymentPostprocessing = 0;
		};
/* End PBXResourcesBuildPhase section */

/* Begin PBXSourcesBuildPhase section */
		CDCD90EE28678854005FAEDC /* Sources */ = {
			isa = PBXSourcesBuildPhase;
			buildActionMask = 2147483647;
			files = (
				CDCD910C2868E860005FAEDC /* Diamond.swift in Sources */,
				CDCD91062867991C005FAEDC /* GameViewModel.swift in Sources */,
				CDCD90F828678854005FAEDC /* ContentView.swift in Sources */,
				CDCD910428679526005FAEDC /* GameModel.swift in Sources */,
				CD089AB328731AEC00D0FE3B /* Striped.swift in Sources */,
				CDCD91082868E3F1005FAEDC /* AspectVGrid.swift in Sources */,
				CD089AB52873A0C900D0FE3B /* Squiggly.swift in Sources */,
				CDCD90F628678854005FAEDC /* a3App.swift in Sources */,
			);
			runOnlyForDeploymentPostprocessing = 0;
		};
/* End PBXSourcesBuildPhase section */

/* Begin XCBuildConfiguration section */
		CDCD90FE28678859005FAEDC /* Debug */ = {
			isa = XCBuildConfiguration;
			buildSettings = {
				ALWAYS_SEARCH_USER_PATHS = NO;
				CLANG_ANALYZER_NONNULL = YES;
				CLANG_ANALYZER_NUMBER_OBJECT_CONVERSION = YES_AGGRESSIVE;
				CLANG_CXX_LANGUAGE_STANDARD = "gnu++17";
				CLANG_ENABLE_MODULES = YES;
				CLANG_ENABLE_OBJC_ARC = YES;
				CLANG_ENABLE_OBJC_WEAK = YES;
				CLANG_WARN_BLOCK_CAPTURE_AUTORELEASING = YES;
				CLANG_WARN_BOOL_CONVERSION = YES;
				CLANG_WARN_COMMA = YES;
				CLANG_WARN_CONSTANT_CONVERSION = YES;
				CLANG_WARN_DEPRECATED_OBJC_IMPLEMENTATIONS = YES;
				CLANG_WARN_DIRECT_OBJC_ISA_USAGE = YES_ERROR;
				CLANG_WARN_DOCUMENTATION_COMMENTS = YES;
				CLANG_WARN_EMPTY_BODY = YES;
				CLANG_WARN_ENUM_CONVERSION = YES;
				CLANG_WARN_INFINITE_RECURSION = YES;
				CLANG_WARN_INT_CONVERSION = YES;
				CLANG_WARN_NON_LITERAL_NULL_CONVERSION = YES;
				CLANG_WARN_OBJC_IMPLICIT_RETAIN_SELF = YES;
				CLANG_WARN_OBJC_LITERAL_CONVERSION = YES;
				CLANG_WARN_OBJC_ROOT_CLASS = YES_ERROR;
				CLANG_WARN_QUOTED_INCLUDE_IN_FRAMEWORK_HEADER = YES;
				CLANG_WARN_RANGE_LOOP_ANALYSIS = YES;
				CLANG_WARN_STRICT_PROTOTYPES = YES;
				CLANG_WARN_SUSPICIOUS_MOVE = YES;
				CLANG_WARN_UNGUARDED_AVAILABILITY = YES_AGGRESSIVE;
				CLANG_WARN_UNREACHABLE_CODE = YES;
				CLANG_WARN__DUPLICATE_METHOD_MATCH = YES;
				COPY_PHASE_STRIP = NO;
				DEBUG_INFORMATION_FORMAT = dwarf;
				ENABLE_STRICT_OBJC_MSGSEND = YES;
				ENABLE_TESTABILITY = YES;
				GCC_C_LANGUAGE_STANDARD = gnu11;
				GCC_DYNAMIC_NO_PIC = NO;
				GCC_NO_COMMON_BLOCKS = YES;
				GCC_OPTIMIZATION_LEVEL = 0;
				GCC_PREPROCESSOR_DEFINITIONS = (
					"DEBUG=1",
					"$(inherited)",
				);
				GCC_WARN_64_TO_32_BIT_CONVERSION = YES;
				GCC_WARN_ABOUT_RETURN_TYPE = YES_ERROR;
				GCC_WARN_UNDECLARED_SELECTOR = YES;
				GCC_WARN_UNINITIALIZED_AUTOS = YES_AGGRESSIVE;
				GCC_WARN_UNUSED_FUNCTION = YES;
				GCC_WARN_UNUSED_VARIABLE = YES;
				IPHONEOS_DEPLOYMENT_TARGET = 15.4;
				MTL_ENABLE_DEBUG_INFO = INCLUDE_SOURCE;
				MTL_FAST_MATH = YES;
				ONLY_ACTIVE_ARCH = YES;
				SDKROOT = iphoneos;
				SWIFT_ACTIVE_COMPILATION_CONDITIONS = DEBUG;
				SWIFT_OPTIMIZATION_LEVEL = "-Onone";
			};
			name = Debug;
		};
		CDCD90FF28678859005FAEDC /* Release */ = {
			isa = XCBuildConfiguration;
			buildSettings = {
				ALWAYS_SEARCH_USER_PATHS = NO;
				CLANG_ANALYZER_NONNULL = YES;
				CLANG_ANALYZER_NUMBER_OBJECT_CONVERSION = YES_AGGRESSIVE;
				CLANG_CXX_LANGUAGE_STANDARD = "gnu++17";
				CLANG_ENABLE_MODULES = YES;
				CLANG_ENABLE_OBJC_ARC = YES;
				CLANG_ENABLE_OBJC_WEAK = YES;
				CLANG_WARN_BLOCK_CAPTURE_AUTORELEASING = YES;
				CLANG_WARN_BOOL_CONVERSION = YES;
				CLANG_WARN_COMMA = YES;
				CLANG_WARN_CONSTANT_CONVERSION = YES;
				CLANG_WARN_DEPRECATED_OBJC_IMPLEMENTATIONS = YES;
				CLANG_WARN_DIRECT_OBJC_ISA_USAGE = YES_ERROR;
				CLANG_WARN_DOCUMENTATION_COMMENTS = YES;
				CLANG_WARN_EMPTY_BODY = YES;
				CLANG_WARN_ENUM_CONVERSION = YES;
				CLANG_WARN_INFINITE_RECURSION = YES;
				CLANG_WARN_INT_CONVERSION = YES;
				CLANG_WARN_NON_LITERAL_NULL_CONVERSION = YES;
				CLANG_WARN_OBJC_IMPLICIT_RETAIN_SELF = YES;
				CLANG_WARN_OBJC_LITERAL_CONVERSION = YES;
				CLANG_WARN_OBJC_ROOT_CLASS = YES_ERROR;
				CLANG_WARN_QUOTED_INCLUDE_IN_FRAMEWORK_HEADER = YES;
				CLANG_WARN_RANGE_LOOP_ANALYSIS = YES;
				CLANG_WARN_STRICT_PROTOTYPES = YES;
				CLANG_WARN_SUSPICIOUS_MOVE = YES;
				CLANG_WARN_UNGUARDED_AVAILABILITY = YES_AGGRESSIVE;
				CLANG_WARN_UNREACHABLE_CODE = YES;
				CLANG_WARN__DUPLICATE_METHOD_MATCH = YES;
				COPY_PHASE_STRIP = NO;
				DEBUG_INFORMATION_FORMAT = "dwarf-with-dsym";
				ENABLE_NS_ASSERTIONS = NO;
				ENABLE_STRICT_OBJC_MSGSEND = YES;
				GCC_C_LANGUAGE_STANDARD = gnu11;
				GCC_NO_COMMON_BLOCKS = YES;
				GCC_WARN_64_TO_32_BIT_CONVERSION = YES;
				GCC_WARN_ABOUT_RETURN_TYPE = YES_ERROR;
				GCC_WARN_UNDECLARED_SELECTOR = YES;
				GCC_WARN_UNINITIALIZED_AUTOS = YES_AGGRESSIVE;
				GCC_WARN_UNUSED_FUNCTION = YES;
				GCC_WARN_UNUSED_VARIABLE = YES;
				IPHONEOS_DEPLOYMENT_TARGET = 15.4;
				MTL_ENABLE_DEBUG_INFO = NO;
				MTL_FAST_MATH = YES;
				SDKROOT = iphoneos;
				SWIFT_COMPILATION_MODE = wholemodule;
				SWIFT_OPTIMIZATION_LEVEL = "-O";
				VALIDATE_PRODUCT = YES;
			};
			name = Release;
		};
		CDCD910128678859005FAEDC /* Debug */ = {
			isa = XCBuildConfiguration;
			buildSettings = {
				ASSETCATALOG_COMPILER_APPICON_NAME = AppIcon;
				ASSETCATALOG_COMPILER_GLOBAL_ACCENT_COLOR_NAME = AccentColor;
				CODE_SIGN_STYLE = Automatic;
				CURRENT_PROJECT_VERSION = 1;
				DEVELOPMENT_ASSET_PATHS = "\"a3/Preview Content\"";
				DEVELOPMENT_TEAM = CTCTH8JUHL;
				ENABLE_PREVIEWS = YES;
				GENERATE_INFOPLIST_FILE = YES;
				INFOPLIST_KEY_UIApplicationSceneManifest_Generation = YES;
				INFOPLIST_KEY_UIApplicationSupportsIndirectInputEvents = YES;
				INFOPLIST_KEY_UILaunchScreen_Generation = YES;
				INFOPLIST_KEY_UISupportedInterfaceOrientations_iPad = "UIInterfaceOrientationPortrait UIInterfaceOrientationPortraitUpsideDown UIInterfaceOrientationLandscapeLeft UIInterfaceOrientationLandscapeRight";
				INFOPLIST_KEY_UISupportedInterfaceOrientations_iPhone = "UIInterfaceOrientationPortrait UIInterfaceOrientationLandscapeLeft UIInterfaceOrientationLandscapeRight";
				LD_RUNPATH_SEARCH_PATHS = (
					"$(inherited)",
					"@executable_path/Frameworks",
				);
				MARKETING_VERSION = 1.0;
				PRODUCT_BUNDLE_IDENTIFIER = com.kevinwon.a3;
				PRODUCT_NAME = "$(TARGET_NAME)";
				SWIFT_EMIT_LOC_STRINGS = YES;
				SWIFT_VERSION = 5.0;
				TARGETED_DEVICE_FAMILY = "1,2";
			};
			name = Debug;
		};
		CDCD910228678859005FAEDC /* Release */ = {
			isa = XCBuildConfiguration;
			buildSettings = {
				ASSETCATALOG_COMPILER_APPICON_NAME = AppIcon;
				ASSETCATALOG_COMPILER_GLOBAL_ACCENT_COLOR_NAME = AccentColor;
				CODE_SIGN_STYLE = Automatic;
				CURRENT_PROJECT_VERSION = 1;
				DEVELOPMENT_ASSET_PATHS = "\"a3/Preview Content\"";
				DEVELOPMENT_TEAM = CTCTH8JUHL;
				ENABLE_PREVIEWS = YES;
				GENERATE_INFOPLIST_FILE = YES;
				INFOPLIST_KEY_UIApplicationSceneManifest_Generation = YES;
				INFOPLIST_KEY_UIApplicationSupportsIndirectInputEvents = YES;
				INFOPLIST_KEY_UILaunchScreen_Generation = YES;
				INFOPLIST_KEY_UISupportedInterfaceOrientations_iPad = "UIInterfaceOrientationPortrait UIInterfaceOrientationPortraitUpsideDown UIInterfaceOrientationLandscapeLeft UIInterfaceOrientationLandscapeRight";
				INFOPLIST_KEY_UISupportedInterfaceOrientations_iPhone = "UIInterfaceOrientationPortrait UIInterfaceOrientationLandscapeLeft UIInterfaceOrientationLandscapeRight";
				LD_RUNPATH_SEARCH_PATHS = (
					"$(inherited)",
					"@executable_path/Frameworks",
				);
				MARKETING_VERSION = 1.0;
				PRODUCT_BUNDLE_IDENTIFIER = com.kevinwon.a3;
				PRODUCT_NAME = "$(TARGET_NAME)";
				SWIFT_EMIT_LOC_STRINGS = YES;
				SWIFT_VERSION = 5.0;
				TARGETED_DEVICE_FAMILY = "1,2";
			};
			name = Release;
		};
/* End XCBuildConfiguration section */

/* Begin XCConfigurationList section */
		CDCD90ED28678854005FAEDC /* Build configuration list for PBXProject "a3" */ = {
			isa = XCConfigurationList;
			buildConfigurations = (
				CDCD90FE28678859005FAEDC /* Debug */,
				CDCD90FF28678859005FAEDC /* Release */,
			);
			defaultConfigurationIsVisible = 0;
			defaultConfigurationName = Release;
		};
		CDCD910028678859005FAEDC /* Build configuration list for PBXNativeTarget "a3" */ = {
			isa = XCConfigurationList;
			buildConfigurations = (
				CDCD910128678859005FAEDC /* Debug */,
				CDCD910228678859005FAEDC /* Release */,
			);
			defaultConfigurationIsVisible = 0;
			defaultConfigurationName = Release;
		};
/* End XCConfigurationList section */
	};
	rootObject = CDCD90EA28678854005FAEDC /* Project object */;
}
