// !$*UTF8*$!
{
	archiveVersion = 1;
	classes = {
	};
	objectVersion = 55;
	objects = {

/* Begin PBXBuildFile section */
		CD2C051B288AFFB300F8B406 /* a5App.swift in Sources */ = {isa = PBXBuildFile; fileRef = CD2C050B288AFFB200F8B406 /* a5App.swift */; };
		CD2C051C288AFFB300F8B406 /* a5App.swift in Sources */ = {isa = PBXBuildFile; fileRef = CD2C050B288AFFB200F8B406 /* a5App.swift */; };
		CD2C051D288AFFB300F8B406 /* EmojiArtDocumentView.swift in Sources */ = {isa = PBXBuildFile; fileRef = CD2C050C288AFFB200F8B406 /* EmojiArtDocumentView.swift */; };
		CD2C051E288AFFB300F8B406 /* EmojiArtDocumentView.swift in Sources */ = {isa = PBXBuildFile; fileRef = CD2C050C288AFFB200F8B406 /* EmojiArtDocumentView.swift */; };
		CD2C051F288AFFB300F8B406 /* Assets.xcassets in Resources */ = {isa = PBXBuildFile; fileRef = CD2C050D288AFFB300F8B406 /* Assets.xcassets */; };
		CD2C0520288AFFB300F8B406 /* Assets.xcassets in Resources */ = {isa = PBXBuildFile; fileRef = CD2C050D288AFFB300F8B406 /* Assets.xcassets */; };
		CD2C052A288AFFE100F8B406 /* EmojiArtDocument.swift in Sources */ = {isa = PBXBuildFile; fileRef = CD2C0529288AFFE100F8B406 /* EmojiArtDocument.swift */; };
		CD2C052B288AFFE100F8B406 /* EmojiArtDocument.swift in Sources */ = {isa = PBXBuildFile; fileRef = CD2C0529288AFFE100F8B406 /* EmojiArtDocument.swift */; };
		CD2C052D288AFFF300F8B406 /* EmojiArtModel.Background.swift in Sources */ = {isa = PBXBuildFile; fileRef = CD2C052C288AFFF300F8B406 /* EmojiArtModel.Background.swift */; };
		CD2C052E288AFFF300F8B406 /* EmojiArtModel.Background.swift in Sources */ = {isa = PBXBuildFile; fileRef = CD2C052C288AFFF300F8B406 /* EmojiArtModel.Background.swift */; };
		CD2C0530288B000A00F8B406 /* EmojiArtModel.swift in Sources */ = {isa = PBXBuildFile; fileRef = CD2C052F288B000A00F8B406 /* EmojiArtModel.swift */; };
		CD2C0531288B000A00F8B406 /* EmojiArtModel.swift in Sources */ = {isa = PBXBuildFile; fileRef = CD2C052F288B000A00F8B406 /* EmojiArtModel.swift */; };
		CD2C0533288B001A00F8B406 /* UtilityExtensions.swift in Sources */ = {isa = PBXBuildFile; fileRef = CD2C0532288B001A00F8B406 /* UtilityExtensions.swift */; };
		CD2C0534288B001A00F8B406 /* UtilityExtensions.swift in Sources */ = {isa = PBXBuildFile; fileRef = CD2C0532288B001A00F8B406 /* UtilityExtensions.swift */; };
		CD2C0536288B002700F8B406 /* UtilityViews.swift in Sources */ = {isa = PBXBuildFile; fileRef = CD2C0535288B002700F8B406 /* UtilityViews.swift */; };
		CD2C0537288B002700F8B406 /* UtilityViews.swift in Sources */ = {isa = PBXBuildFile; fileRef = CD2C0535288B002700F8B406 /* UtilityViews.swift */; };
/* End PBXBuildFile section */

/* Begin PBXFileReference section */
		CD2C050B288AFFB200F8B406 /* a5App.swift */ = {isa = PBXFileReference; lastKnownFileType = sourcecode.swift; path = a5App.swift; sourceTree = "<group>"; };
		CD2C050C288AFFB200F8B406 /* EmojiArtDocumentView.swift */ = {isa = PBXFileReference; lastKnownFileType = sourcecode.swift; path = EmojiArtDocumentView.swift; sourceTree = "<group>"; };
		CD2C050D288AFFB300F8B406 /* Assets.xcassets */ = {isa = PBXFileReference; lastKnownFileType = folder.assetcatalog; path = Assets.xcassets; sourceTree = "<group>"; };
		CD2C0512288AFFB300F8B406 /* a5.app */ = {isa = PBXFileReference; explicitFileType = wrapper.application; includeInIndex = 0; path = a5.app; sourceTree = BUILT_PRODUCTS_DIR; };
		CD2C0518288AFFB300F8B406 /* a5.app */ = {isa = PBXFileReference; explicitFileType = wrapper.application; includeInIndex = 0; path = a5.app; sourceTree = BUILT_PRODUCTS_DIR; };
		CD2C051A288AFFB300F8B406 /* macOS.entitlements */ = {isa = PBXFileReference; lastKnownFileType = text.plist.entitlements; path = macOS.entitlements; sourceTree = "<group>"; };
		CD2C0529288AFFE100F8B406 /* EmojiArtDocument.swift */ = {isa = PBXFileReference; lastKnownFileType = sourcecode.swift; path = EmojiArtDocument.swift; sourceTree = "<group>"; };
		CD2C052C288AFFF300F8B406 /* EmojiArtModel.Background.swift */ = {isa = PBXFileReference; lastKnownFileType = sourcecode.swift; path = EmojiArtModel.Background.swift; sourceTree = "<group>"; };
		CD2C052F288B000A00F8B406 /* EmojiArtModel.swift */ = {isa = PBXFileReference; lastKnownFileType = sourcecode.swift; path = EmojiArtModel.swift; sourceTree = "<group>"; };
		CD2C0532288B001A00F8B406 /* UtilityExtensions.swift */ = {isa = PBXFileReference; lastKnownFileType = sourcecode.swift; path = UtilityExtensions.swift; sourceTree = "<group>"; };
		CD2C0535288B002700F8B406 /* UtilityViews.swift */ = {isa = PBXFileReference; lastKnownFileType = sourcecode.swift; path = UtilityViews.swift; sourceTree = "<group>"; };
/* End PBXFileReference section */

/* Begin PBXFrameworksBuildPhase section */
		CD2C050F288AFFB300F8B406 /* Frameworks */ = {
			isa = PBXFrameworksBuildPhase;
			buildActionMask = 2147483647;
			files = (
			);
			runOnlyForDeploymentPostprocessing = 0;
		};
		CD2C0515288AFFB300F8B406 /* Frameworks */ = {
			isa = PBXFrameworksBuildPhase;
			buildActionMask = 2147483647;
			files = (
			);
			runOnlyForDeploymentPostprocessing = 0;
		};
/* End PBXFrameworksBuildPhase section */

/* Begin PBXGroup section */
		CD2C0505288AFFB200F8B406 = {
			isa = PBXGroup;
			children = (
				CD2C050A288AFFB200F8B406 /* Shared */,
				CD2C0519288AFFB300F8B406 /* macOS */,
				CD2C0513288AFFB300F8B406 /* Products */,
			);
			sourceTree = "<group>";
		};
		CD2C050A288AFFB200F8B406 /* Shared */ = {
			isa = PBXGroup;
			children = (
				CD2C050B288AFFB200F8B406 /* a5App.swift */,
				CD2C050C288AFFB200F8B406 /* EmojiArtDocumentView.swift */,
				CD2C0529288AFFE100F8B406 /* EmojiArtDocument.swift */,
				CD2C052C288AFFF300F8B406 /* EmojiArtModel.Background.swift */,
				CD2C050D288AFFB300F8B406 /* Assets.xcassets */,
			);
			path = Shared;
			sourceTree = "<group>";
		};
		CD2C0513288AFFB300F8B406 /* Products */ = {
			isa = PBXGroup;
			children = (
				CD2C0512288AFFB300F8B406 /* a5.app */,
				CD2C0518288AFFB300F8B406 /* a5.app */,
			);
			name = Products;
			sourceTree = "<group>";
		};
		CD2C0519288AFFB300F8B406 /* macOS */ = {
			isa = PBXGroup;
			children = (
				CD2C051A288AFFB300F8B406 /* macOS.entitlements */,
				CD2C052F288B000A00F8B406 /* EmojiArtModel.swift */,
				CD2C0532288B001A00F8B406 /* UtilityExtensions.swift */,
				CD2C0535288B002700F8B406 /* UtilityViews.swift */,
			);
			path = macOS;
			sourceTree = "<group>";
		};
/* End PBXGroup section */

/* Begin PBXNativeTarget section */
		CD2C0511288AFFB300F8B406 /* a5 (iOS) */ = {
			isa = PBXNativeTarget;
			buildConfigurationList = CD2C0523288AFFB300F8B406 /* Build configuration list for PBXNativeTarget "a5 (iOS)" */;
			buildPhases = (
				CD2C050E288AFFB300F8B406 /* Sources */,
				CD2C050F288AFFB300F8B406 /* Frameworks */,
				CD2C0510288AFFB300F8B406 /* Resources */,
			);
			buildRules = (
			);
			dependencies = (
			);
			name = "a5 (iOS)";
			productName = "a5 (iOS)";
			productReference = CD2C0512288AFFB300F8B406 /* a5.app */;
			productType = "com.apple.product-type.application";
		};
		CD2C0517288AFFB300F8B406 /* a5 (macOS) */ = {
			isa = PBXNativeTarget;
			buildConfigurationList = CD2C0526288AFFB300F8B406 /* Build configuration list for PBXNativeTarget "a5 (macOS)" */;
			buildPhases = (
				CD2C0514288AFFB300F8B406 /* Sources */,
				CD2C0515288AFFB300F8B406 /* Frameworks */,
				CD2C0516288AFFB300F8B406 /* Resources */,
			);
			buildRules = (
			);
			dependencies = (
			);
			name = "a5 (macOS)";
			productName = "a5 (macOS)";
			productReference = CD2C0518288AFFB300F8B406 /* a5.app */;
			productType = "com.apple.product-type.application";
		};
/* End PBXNativeTarget section */

/* Begin PBXProject section */
		CD2C0506288AFFB200F8B406 /* Project object */ = {
			isa = PBXProject;
			attributes = {
				BuildIndependentTargetsInParallel = 1;
				LastSwiftUpdateCheck = 1340;
				LastUpgradeCheck = 1340;
				TargetAttributes = {
					CD2C0511288AFFB300F8B406 = {
						CreatedOnToolsVersion = 13.4.1;
					};
					CD2C0517288AFFB300F8B406 = {
						CreatedOnToolsVersion = 13.4.1;
					};
				};
			};
			buildConfigurationList = CD2C0509288AFFB200F8B406 /* Build configuration list for PBXProject "a5" */;
			compatibilityVersion = "Xcode 13.0";
			developmentRegion = en;
			hasScannedForEncodings = 0;
			knownRegions = (
				en,
				Base,
			);
			mainGroup = CD2C0505288AFFB200F8B406;
			productRefGroup = CD2C0513288AFFB300F8B406 /* Products */;
			projectDirPath = "";
			projectRoot = "";
			targets = (
				CD2C0511288AFFB300F8B406 /* a5 (iOS) */,
				CD2C0517288AFFB300F8B406 /* a5 (macOS) */,
			);
		};
/* End PBXProject section */

/* Begin PBXResourcesBuildPhase section */
		CD2C0510288AFFB300F8B406 /* Resources */ = {
			isa = PBXResourcesBuildPhase;
			buildActionMask = 2147483647;
			files = (
				CD2C051F288AFFB300F8B406 /* Assets.xcassets in Resources */,
			);
			runOnlyForDeploymentPostprocessing = 0;
		};
		CD2C0516288AFFB300F8B406 /* Resources */ = {
			isa = PBXResourcesBuildPhase;
			buildActionMask = 2147483647;
			files = (
				CD2C0520288AFFB300F8B406 /* Assets.xcassets in Resources */,
			);
			runOnlyForDeploymentPostprocessing = 0;
		};
/* End PBXResourcesBuildPhase section */

/* Begin PBXSourcesBuildPhase section */
		CD2C050E288AFFB300F8B406 /* Sources */ = {
			isa = PBXSourcesBuildPhase;
			buildActionMask = 2147483647;
			files = (
				CD2C0536288B002700F8B406 /* UtilityViews.swift in Sources */,
				CD2C051D288AFFB300F8B406 /* EmojiArtDocumentView.swift in Sources */,
				CD2C0530288B000A00F8B406 /* EmojiArtModel.swift in Sources */,
				CD2C0533288B001A00F8B406 /* UtilityExtensions.swift in Sources */,
				CD2C052A288AFFE100F8B406 /* EmojiArtDocument.swift in Sources */,
				CD2C051B288AFFB300F8B406 /* a5App.swift in Sources */,
				CD2C052D288AFFF300F8B406 /* EmojiArtModel.Background.swift in Sources */,
			);
			runOnlyForDeploymentPostprocessing = 0;
		};
		CD2C0514288AFFB300F8B406 /* Sources */ = {
			isa = PBXSourcesBuildPhase;
			buildActionMask = 2147483647;
			files = (
				CD2C0537288B002700F8B406 /* UtilityViews.swift in Sources */,
				CD2C051E288AFFB300F8B406 /* EmojiArtDocumentView.swift in Sources */,
				CD2C0531288B000A00F8B406 /* EmojiArtModel.swift in Sources */,
				CD2C0534288B001A00F8B406 /* UtilityExtensions.swift in Sources */,
				CD2C052B288AFFE100F8B406 /* EmojiArtDocument.swift in Sources */,
				CD2C051C288AFFB300F8B406 /* a5App.swift in Sources */,
				CD2C052E288AFFF300F8B406 /* EmojiArtModel.Background.swift in Sources */,
			);
			runOnlyForDeploymentPostprocessing = 0;
		};
/* End PBXSourcesBuildPhase section */

/* Begin XCBuildConfiguration section */
		CD2C0521288AFFB300F8B406 /* Debug */ = {
			isa = XCBuildConfiguration;
			buildSettings = {
				ALWAYS_SEARCH_USER_PATHS = NO;
				CLANG_ANALYZER_NONNULL = YES;
				CLANG_ANALYZER_NUMBER_OBJECT_CONVERSION = YES_AGGRESSIVE;
				CLANG_CXX_LANGUAGE_STANDARD = "gnu++17";
				CLANG_ENABLE_MODULES = YES;
				CLANG_ENABLE_OBJC_ARC = YES;
				CLANG_ENABLE_OBJC_WEAK = YES;
				CLANG_WARN_BLOCK_CAPTURE_AUTORELEASING = YES;
				CLANG_WARN_BOOL_CONVERSION = YES;
				CLANG_WARN_COMMA = YES;
				CLANG_WARN_CONSTANT_CONVERSION = YES;
				CLANG_WARN_DEPRECATED_OBJC_IMPLEMENTATIONS = YES;
				CLANG_WARN_DIRECT_OBJC_ISA_USAGE = YES_ERROR;
				CLANG_WARN_DOCUMENTATION_COMMENTS = YES;
				CLANG_WARN_EMPTY_BODY = YES;
				CLANG_WARN_ENUM_CONVERSION = YES;
				CLANG_WARN_INFINITE_RECURSION = YES;
				CLANG_WARN_INT_CONVERSION = YES;
				CLANG_WARN_NON_LITERAL_NULL_CONVERSION = YES;
				CLANG_WARN_OBJC_IMPLICIT_RETAIN_SELF = YES;
				CLANG_WARN_OBJC_LITERAL_CONVERSION = YES;
				CLANG_WARN_OBJC_ROOT_CLASS = YES_ERROR;
				CLANG_WARN_QUOTED_INCLUDE_IN_FRAMEWORK_HEADER = YES;
				CLANG_WARN_RANGE_LOOP_ANALYSIS = YES;
				CLANG_WARN_STRICT_PROTOTYPES = YES;
				CLANG_WARN_SUSPICIOUS_MOVE = YES;
				CLANG_WARN_UNGUARDED_AVAILABILITY = YES_AGGRESSIVE;
				CLANG_WARN_UNREACHABLE_CODE = YES;
				CLANG_WARN__DUPLICATE_METHOD_MATCH = YES;
				COPY_PHASE_STRIP = NO;
				DEBUG_INFORMATION_FORMAT = dwarf;
				ENABLE_STRICT_OBJC_MSGSEND = YES;
				ENABLE_TESTABILITY = YES;
				GCC_C_LANGUAGE_STANDARD = gnu11;
				GCC_DYNAMIC_NO_PIC = NO;
				GCC_NO_COMMON_BLOCKS = YES;
				GCC_OPTIMIZATION_LEVEL = 0;
				GCC_PREPROCESSOR_DEFINITIONS = (
					"DEBUG=1",
					"$(inherited)",
				);
				GCC_WARN_64_TO_32_BIT_CONVERSION = YES;
				GCC_WARN_ABOUT_RETURN_TYPE = YES_ERROR;
				GCC_WARN_UNDECLARED_SELECTOR = YES;
				GCC_WARN_UNINITIALIZED_AUTOS = YES_AGGRESSIVE;
				GCC_WARN_UNUSED_FUNCTION = YES;
				GCC_WARN_UNUSED_VARIABLE = YES;
				MTL_ENABLE_DEBUG_INFO = INCLUDE_SOURCE;
				MTL_FAST_MATH = YES;
				ONLY_ACTIVE_ARCH = YES;
				SWIFT_ACTIVE_COMPILATION_CONDITIONS = DEBUG;
				SWIFT_OPTIMIZATION_LEVEL = "-Onone";
			};
			name = Debug;
		};
		CD2C0522288AFFB300F8B406 /* Release */ = {
			isa = XCBuildConfiguration;
			buildSettings = {
				ALWAYS_SEARCH_USER_PATHS = NO;
				CLANG_ANALYZER_NONNULL = YES;
				CLANG_ANALYZER_NUMBER_OBJECT_CONVERSION = YES_AGGRESSIVE;
				CLANG_CXX_LANGUAGE_STANDARD = "gnu++17";
				CLANG_ENABLE_MODULES = YES;
				CLANG_ENABLE_OBJC_ARC = YES;
				CLANG_ENABLE_OBJC_WEAK = YES;
				CLANG_WARN_BLOCK_CAPTURE_AUTORELEASING = YES;
				CLANG_WARN_BOOL_CONVERSION = YES;
				CLANG_WARN_COMMA = YES;
				CLANG_WARN_CONSTANT_CONVERSION = YES;
				CLANG_WARN_DEPRECATED_OBJC_IMPLEMENTATIONS = YES;
				CLANG_WARN_DIRECT_OBJC_ISA_USAGE = YES_ERROR;
				CLANG_WARN_DOCUMENTATION_COMMENTS = YES;
				CLANG_WARN_EMPTY_BODY = YES;
				CLANG_WARN_ENUM_CONVERSION = YES;
				CLANG_WARN_INFINITE_RECURSION = YES;
				CLANG_WARN_INT_CONVERSION = YES;
				CLANG_WARN_NON_LITERAL_NULL_CONVERSION = YES;
				CLANG_WARN_OBJC_IMPLICIT_RETAIN_SELF = YES;
				CLANG_WARN_OBJC_LITERAL_CONVERSION = YES;
				CLANG_WARN_OBJC_ROOT_CLASS = YES_ERROR;
				CLANG_WARN_QUOTED_INCLUDE_IN_FRAMEWORK_HEADER = YES;
				CLANG_WARN_RANGE_LOOP_ANALYSIS = YES;
				CLANG_WARN_STRICT_PROTOTYPES = YES;
				CLANG_WARN_SUSPICIOUS_MOVE = YES;
				CLANG_WARN_UNGUARDED_AVAILABILITY = YES_AGGRESSIVE;
				CLANG_WARN_UNREACHABLE_CODE = YES;
				CLANG_WARN__DUPLICATE_METHOD_MATCH = YES;
				COPY_PHASE_STRIP = NO;
				DEBUG_INFORMATION_FORMAT = "dwarf-with-dsym";
				ENABLE_NS_ASSERTIONS = NO;
				ENABLE_STRICT_OBJC_MSGSEND = YES;
				GCC_C_LANGUAGE_STANDARD = gnu11;
				GCC_NO_COMMON_BLOCKS = YES;
				GCC_WARN_64_TO_32_BIT_CONVERSION = YES;
				GCC_WARN_ABOUT_RETURN_TYPE = YES_ERROR;
				GCC_WARN_UNDECLARED_SELECTOR = YES;
				GCC_WARN_UNINITIALIZED_AUTOS = YES_AGGRESSIVE;
				GCC_WARN_UNUSED_FUNCTION = YES;
				GCC_WARN_UNUSED_VARIABLE = YES;
				MTL_ENABLE_DEBUG_INFO = NO;
				MTL_FAST_MATH = YES;
				SWIFT_COMPILATION_MODE = wholemodule;
				SWIFT_OPTIMIZATION_LEVEL = "-O";
			};
			name = Release;
		};
		CD2C0524288AFFB300F8B406 /* Debug */ = {
			isa = XCBuildConfiguration;
			buildSettings = {
				ASSETCATALOG_COMPILER_APPICON_NAME = AppIcon;
				ASSETCATALOG_COMPILER_GLOBAL_ACCENT_COLOR_NAME = AccentColor;
				CODE_SIGN_STYLE = Automatic;
				CURRENT_PROJECT_VERSION = 1;
				DEVELOPMENT_TEAM = CTCTH8JUHL;
				ENABLE_PREVIEWS = YES;
				GENERATE_INFOPLIST_FILE = YES;
				INFOPLIST_KEY_UIApplicationSceneManifest_Generation = YES;
				INFOPLIST_KEY_UIApplicationSupportsIndirectInputEvents = YES;
				INFOPLIST_KEY_UILaunchScreen_Generation = YES;
				INFOPLIST_KEY_UISupportedInterfaceOrientations_iPad = "UIInterfaceOrientationPortrait UIInterfaceOrientationPortraitUpsideDown UIInterfaceOrientationLandscapeLeft UIInterfaceOrientationLandscapeRight";
				INFOPLIST_KEY_UISupportedInterfaceOrientations_iPhone = "UIInterfaceOrientationPortrait UIInterfaceOrientationLandscapeLeft UIInterfaceOrientationLandscapeRight";
				IPHONEOS_DEPLOYMENT_TARGET = 15.5;
				LD_RUNPATH_SEARCH_PATHS = (
					"$(inherited)",
					"@executable_path/Frameworks",
				);
				MARKETING_VERSION = 1.0;
				PRODUCT_BUNDLE_IDENTIFIER = com.kevinwon.a5;
				PRODUCT_NAME = a5;
				SDKROOT = iphoneos;
				SWIFT_EMIT_LOC_STRINGS = YES;
				SWIFT_VERSION = 5.0;
				TARGETED_DEVICE_FAMILY = "1,2";
			};
			name = Debug;
		};
		CD2C0525288AFFB300F8B406 /* Release */ = {
			isa = XCBuildConfiguration;
			buildSettings = {
				ASSETCATALOG_COMPILER_APPICON_NAME = AppIcon;
				ASSETCATALOG_COMPILER_GLOBAL_ACCENT_COLOR_NAME = AccentColor;
				CODE_SIGN_STYLE = Automatic;
				CURRENT_PROJECT_VERSION = 1;
				DEVELOPMENT_TEAM = CTCTH8JUHL;
				ENABLE_PREVIEWS = YES;
				GENERATE_INFOPLIST_FILE = YES;
				INFOPLIST_KEY_UIApplicationSceneManifest_Generation = YES;
				INFOPLIST_KEY_UIApplicationSupportsIndirectInputEvents = YES;
				INFOPLIST_KEY_UILaunchScreen_Generation = YES;
				INFOPLIST_KEY_UISupportedInterfaceOrientations_iPad = "UIInterfaceOrientationPortrait UIInterfaceOrientationPortraitUpsideDown UIInterfaceOrientationLandscapeLeft UIInterfaceOrientationLandscapeRight";
				INFOPLIST_KEY_UISupportedInterfaceOrientations_iPhone = "UIInterfaceOrientationPortrait UIInterfaceOrientationLandscapeLeft UIInterfaceOrientationLandscapeRight";
				IPHONEOS_DEPLOYMENT_TARGET = 15.5;
				LD_RUNPATH_SEARCH_PATHS = (
					"$(inherited)",
					"@executable_path/Frameworks",
				);
				MARKETING_VERSION = 1.0;
				PRODUCT_BUNDLE_IDENTIFIER = com.kevinwon.a5;
				PRODUCT_NAME = a5;
				SDKROOT = iphoneos;
				SWIFT_EMIT_LOC_STRINGS = YES;
				SWIFT_VERSION = 5.0;
				TARGETED_DEVICE_FAMILY = "1,2";
				VALIDATE_PRODUCT = YES;
			};
			name = Release;
		};
		CD2C0527288AFFB300F8B406 /* Debug */ = {
			isa = XCBuildConfiguration;
			buildSettings = {
				ASSETCATALOG_COMPILER_APPICON_NAME = AppIcon;
				ASSETCATALOG_COMPILER_GLOBAL_ACCENT_COLOR_NAME = AccentColor;
				CODE_SIGN_ENTITLEMENTS = macOS/macOS.entitlements;
				CODE_SIGN_STYLE = Automatic;
				COMBINE_HIDPI_IMAGES = YES;
				CURRENT_PROJECT_VERSION = 1;
				DEVELOPMENT_TEAM = CTCTH8JUHL;
				ENABLE_HARDENED_RUNTIME = YES;
				ENABLE_PREVIEWS = YES;
				GENERATE_INFOPLIST_FILE = YES;
				INFOPLIST_KEY_NSHumanReadableCopyright = "";
				LD_RUNPATH_SEARCH_PATHS = (
					"$(inherited)",
					"@executable_path/../Frameworks",
				);
				MACOSX_DEPLOYMENT_TARGET = 12.3;
				MARKETING_VERSION = 1.0;
				PRODUCT_BUNDLE_IDENTIFIER = com.kevinwon.a5;
				PRODUCT_NAME = a5;
				SDKROOT = macosx;
				SWIFT_EMIT_LOC_STRINGS = YES;
				SWIFT_VERSION = 5.0;
			};
			name = Debug;
		};
		CD2C0528288AFFB300F8B406 /* Release */ = {
			isa = XCBuildConfiguration;
			buildSettings = {
				ASSETCATALOG_COMPILER_APPICON_NAME = AppIcon;
				ASSETCATALOG_COMPILER_GLOBAL_ACCENT_COLOR_NAME = AccentColor;
				CODE_SIGN_ENTITLEMENTS = macOS/macOS.entitlements;
				CODE_SIGN_STYLE = Automatic;
				COMBINE_HIDPI_IMAGES = YES;
				CURRENT_PROJECT_VERSION = 1;
				DEVELOPMENT_TEAM = CTCTH8JUHL;
				ENABLE_HARDENED_RUNTIME = YES;
				ENABLE_PREVIEWS = YES;
				GENERATE_INFOPLIST_FILE = YES;
				INFOPLIST_KEY_NSHumanReadableCopyright = "";
				LD_RUNPATH_SEARCH_PATHS = (
					"$(inherited)",
					"@executable_path/../Frameworks",
				);
				MACOSX_DEPLOYMENT_TARGET = 12.3;
				MARKETING_VERSION = 1.0;
				PRODUCT_BUNDLE_IDENTIFIER = com.kevinwon.a5;
				PRODUCT_NAME = a5;
				SDKROOT = macosx;
				SWIFT_EMIT_LOC_STRINGS = YES;
				SWIFT_VERSION = 5.0;
			};
			name = Release;
		};
/* End XCBuildConfiguration section */

/* Begin XCConfigurationList section */
		CD2C0509288AFFB200F8B406 /* Build configuration list for PBXProject "a5" */ = {
			isa = XCConfigurationList;
			buildConfigurations = (
				CD2C0521288AFFB300F8B406 /* Debug */,
				CD2C0522288AFFB300F8B406 /* Release */,
			);
			defaultConfigurationIsVisible = 0;
			defaultConfigurationName = Release;
		};
		CD2C0523288AFFB300F8B406 /* Build configuration list for PBXNativeTarget "a5 (iOS)" */ = {
			isa = XCConfigurationList;
			buildConfigurations = (
				CD2C0524288AFFB300F8B406 /* Debug */,
				CD2C0525288AFFB300F8B406 /* Release */,
			);
			defaultConfigurationIsVisible = 0;
			defaultConfigurationName = Release;
		};
		CD2C0526288AFFB300F8B406 /* Build configuration list for PBXNativeTarget "a5 (macOS)" */ = {
			isa = XCConfigurationList;
			buildConfigurations = (
				CD2C0527288AFFB300F8B406 /* Debug */,
				CD2C0528288AFFB300F8B406 /* Release */,
			);
			defaultConfigurationIsVisible = 0;
			defaultConfigurationName = Release;
		};
/* End XCConfigurationList section */
	};
	rootObject = CD2C0506288AFFB200F8B406 /* Project object */;
}
