// !$*UTF8*$!
{
	archiveVersion = 1;
	classes = {
	};
	objectVersion = 55;
	objects = {

/* Begin PBXBuildFile section */
		CD34223E288AFB4D00AF88B1 /* a5App.swift in Sources */ = {isa = PBXBuildFile; fileRef = CD34222E288AFB4D00AF88B1 /* a5App.swift */; };
		CD34223F288AFB4D00AF88B1 /* a5App.swift in Sources */ = {isa = PBXBuildFile; fileRef = CD34222E288AFB4D00AF88B1 /* a5App.swift */; };
		CD342240288AFB4D00AF88B1 /* EmojiArtDocumentView in Sources */ = {isa = PBXBuildFile; fileRef = CD34222F288AFB4D00AF88B1 /* EmojiArtDocumentView */; };
		CD342241288AFB4D00AF88B1 /* EmojiArtDocumentView in Sources */ = {isa = PBXBuildFile; fileRef = CD34222F288AFB4D00AF88B1 /* EmojiArtDocumentView */; };
		CD342242288AFB4D00AF88B1 /* Assets.xcassets in Resources */ = {isa = PBXBuildFile; fileRef = CD342230288AFB4D00AF88B1 /* Assets.xcassets */; };
		CD342243288AFB4D00AF88B1 /* Assets.xcassets in Resources */ = {isa = PBXBuildFile; fileRef = CD342230288AFB4D00AF88B1 /* Assets.xcassets */; };
		CD34224D288AFB9500AF88B1 /* EmojiArtDocument.swift in Sources */ = {isa = PBXBuildFile; fileRef = CD34224C288AFB9500AF88B1 /* EmojiArtDocument.swift */; };
		CD34224E288AFB9500AF88B1 /* EmojiArtDocument.swift in Sources */ = {isa = PBXBuildFile; fileRef = CD34224C288AFB9500AF88B1 /* EmojiArtDocument.swift */; };
		CD342250288AFBA900AF88B1 /* EmojiArtModel.swift in Sources */ = {isa = PBXBuildFile; fileRef = CD34224F288AFBA900AF88B1 /* EmojiArtModel.swift */; };
		CD342251288AFBA900AF88B1 /* EmojiArtModel.swift in Sources */ = {isa = PBXBuildFile; fileRef = CD34224F288AFBA900AF88B1 /* EmojiArtModel.swift */; };
		CD342253288AFBBE00AF88B1 /* EmojiArtModel.Background.swift in Sources */ = {isa = PBXBuildFile; fileRef = CD342252288AFBBE00AF88B1 /* EmojiArtModel.Background.swift */; };
		CD342254288AFBBE00AF88B1 /* EmojiArtModel.Background.swift in Sources */ = {isa = PBXBuildFile; fileRef = CD342252288AFBBE00AF88B1 /* EmojiArtModel.Background.swift */; };
		CD342256288AFBD500AF88B1 /* UtilityExtensions.swift in Sources */ = {isa = PBXBuildFile; fileRef = CD342255288AFBD500AF88B1 /* UtilityExtensions.swift */; };
		CD342257288AFBD500AF88B1 /* UtilityExtensions.swift in Sources */ = {isa = PBXBuildFile; fileRef = CD342255288AFBD500AF88B1 /* UtilityExtensions.swift */; };
		CD342259288AFBF600AF88B1 /* UtilityViews.swift in Sources */ = {isa = PBXBuildFile; fileRef = CD342258288AFBF600AF88B1 /* UtilityViews.swift */; };
		CD34225A288AFBF600AF88B1 /* UtilityViews.swift in Sources */ = {isa = PBXBuildFile; fileRef = CD342258288AFBF600AF88B1 /* UtilityViews.swift */; };
/* End PBXBuildFile section */

/* Begin PBXFileReference section */
		CD34222E288AFB4D00AF88B1 /* a5App.swift */ = {isa = PBXFileReference; lastKnownFileType = sourcecode.swift; path = a5App.swift; sourceTree = "<group>"; };
		CD34222F288AFB4D00AF88B1 /* EmojiArtDocumentView */ = {isa = PBXFileReference; lastKnownFileType = text; path = EmojiArtDocumentView; sourceTree = "<group>"; };
		CD342230288AFB4D00AF88B1 /* Assets.xcassets */ = {isa = PBXFileReference; lastKnownFileType = folder.assetcatalog; path = Assets.xcassets; sourceTree = "<group>"; };
		CD342235288AFB4D00AF88B1 /* a5.app */ = {isa = PBXFileReference; explicitFileType = wrapper.application; includeInIndex = 0; path = a5.app; sourceTree = BUILT_PRODUCTS_DIR; };
		CD34223B288AFB4D00AF88B1 /* a5.app */ = {isa = PBXFileReference; explicitFileType = wrapper.application; includeInIndex = 0; path = a5.app; sourceTree = BUILT_PRODUCTS_DIR; };
		CD34223D288AFB4D00AF88B1 /* macOS.entitlements */ = {isa = PBXFileReference; lastKnownFileType = text.plist.entitlements; path = macOS.entitlements; sourceTree = "<group>"; };
		CD34224C288AFB9500AF88B1 /* EmojiArtDocument.swift */ = {isa = PBXFileReference; lastKnownFileType = sourcecode.swift; path = EmojiArtDocument.swift; sourceTree = "<group>"; };
		CD34224F288AFBA900AF88B1 /* EmojiArtModel.swift */ = {isa = PBXFileReference; lastKnownFileType = sourcecode.swift; path = EmojiArtModel.swift; sourceTree = "<group>"; };
		CD342252288AFBBE00AF88B1 /* EmojiArtModel.Background.swift */ = {isa = PBXFileReference; lastKnownFileType = sourcecode.swift; path = EmojiArtModel.Background.swift; sourceTree = "<group>"; };
		CD342255288AFBD500AF88B1 /* UtilityExtensions.swift */ = {isa = PBXFileReference; lastKnownFileType = sourcecode.swift; path = UtilityExtensions.swift; sourceTree = "<group>"; };
		CD342258288AFBF600AF88B1 /* UtilityViews.swift */ = {isa = PBXFileReference; lastKnownFileType = sourcecode.swift; path = UtilityViews.swift; sourceTree = "<group>"; };
/* End PBXFileReference section */

/* Begin PBXFrameworksBuildPhase section */
		CD342232288AFB4D00AF88B1 /* Frameworks */ = {
			isa = PBXFrameworksBuildPhase;
			buildActionMask = 2147483647;
			files = (
			);
			runOnlyForDeploymentPostprocessing = 0;
		};
		CD342238288AFB4D00AF88B1 /* Frameworks */ = {
			isa = PBXFrameworksBuildPhase;
			buildActionMask = 2147483647;
			files = (
			);
			runOnlyForDeploymentPostprocessing = 0;
		};
/* End PBXFrameworksBuildPhase section */

/* Begin PBXGroup section */
		CD342228288AFB4D00AF88B1 = {
			isa = PBXGroup;
			children = (
				CD34222D288AFB4D00AF88B1 /* Shared */,
				CD34223C288AFB4D00AF88B1 /* macOS */,
				CD342236288AFB4D00AF88B1 /* Products */,
			);
			sourceTree = "<group>";
		};
		CD34222D288AFB4D00AF88B1 /* Shared */ = {
			isa = PBXGroup;
			children = (
				CD34222E288AFB4D00AF88B1 /* a5App.swift */,
				CD34222F288AFB4D00AF88B1 /* EmojiArtDocumentView */,
				CD34224C288AFB9500AF88B1 /* EmojiArtDocument.swift */,
				CD34224F288AFBA900AF88B1 /* EmojiArtModel.swift */,
				CD342252288AFBBE00AF88B1 /* EmojiArtModel.Background.swift */,
				CD342255288AFBD500AF88B1 /* UtilityExtensions.swift */,
				CD342258288AFBF600AF88B1 /* UtilityViews.swift */,
				CD342230288AFB4D00AF88B1 /* Assets.xcassets */,
			);
			path = Shared;
			sourceTree = "<group>";
		};
		CD342236288AFB4D00AF88B1 /* Products */ = {
			isa = PBXGroup;
			children = (
				CD342235288AFB4D00AF88B1 /* a5.app */,
				CD34223B288AFB4D00AF88B1 /* a5.app */,
			);
			name = Products;
			sourceTree = "<group>";
		};
		CD34223C288AFB4D00AF88B1 /* macOS */ = {
			isa = PBXGroup;
			children = (
				CD34223D288AFB4D00AF88B1 /* macOS.entitlements */,
			);
			path = macOS;
			sourceTree = "<group>";
		};
/* End PBXGroup section */

/* Begin PBXNativeTarget section */
		CD342234288AFB4D00AF88B1 /* a5 (iOS) */ = {
			isa = PBXNativeTarget;
			buildConfigurationList = CD342246288AFB4D00AF88B1 /* Build configuration list for PBXNativeTarget "a5 (iOS)" */;
			buildPhases = (
				CD342231288AFB4D00AF88B1 /* Sources */,
				CD342232288AFB4D00AF88B1 /* Frameworks */,
				CD342233288AFB4D00AF88B1 /* Resources */,
			);
			buildRules = (
			);
			dependencies = (
			);
			name = "a5 (iOS)";
			productName = "a5 (iOS)";
			productReference = CD342235288AFB4D00AF88B1 /* a5.app */;
			productType = "com.apple.product-type.application";
		};
		CD34223A288AFB4D00AF88B1 /* a5 (macOS) */ = {
			isa = PBXNativeTarget;
			buildConfigurationList = CD342249288AFB4D00AF88B1 /* Build configuration list for PBXNativeTarget "a5 (macOS)" */;
			buildPhases = (
				CD342237288AFB4D00AF88B1 /* Sources */,
				CD342238288AFB4D00AF88B1 /* Frameworks */,
				CD342239288AFB4D00AF88B1 /* Resources */,
			);
			buildRules = (
			);
			dependencies = (
			);
			name = "a5 (macOS)";
			productName = "a5 (macOS)";
			productReference = CD34223B288AFB4D00AF88B1 /* a5.app */;
			productType = "com.apple.product-type.application";
		};
/* End PBXNativeTarget section */

/* Begin PBXProject section */
		CD342229288AFB4D00AF88B1 /* Project object */ = {
			isa = PBXProject;
			attributes = {
				BuildIndependentTargetsInParallel = 1;
				LastSwiftUpdateCheck = 1340;
				LastUpgradeCheck = 1340;
				TargetAttributes = {
					CD342234288AFB4D00AF88B1 = {
						CreatedOnToolsVersion = 13.4.1;
					};
					CD34223A288AFB4D00AF88B1 = {
						CreatedOnToolsVersion = 13.4.1;
					};
				};
			};
			buildConfigurationList = CD34222C288AFB4D00AF88B1 /* Build configuration list for PBXProject "a5" */;
			compatibilityVersion = "Xcode 13.0";
			developmentRegion = en;
			hasScannedForEncodings = 0;
			knownRegions = (
				en,
				Base,
			);
			mainGroup = CD342228288AFB4D00AF88B1;
			productRefGroup = CD342236288AFB4D00AF88B1 /* Products */;
			projectDirPath = "";
			projectRoot = "";
			targets = (
				CD342234288AFB4D00AF88B1 /* a5 (iOS) */,
				CD34223A288AFB4D00AF88B1 /* a5 (macOS) */,
			);
		};
/* End PBXProject section */

/* Begin PBXResourcesBuildPhase section */
		CD342233288AFB4D00AF88B1 /* Resources */ = {
			isa = PBXResourcesBuildPhase;
			buildActionMask = 2147483647;
			files = (
				CD342242288AFB4D00AF88B1 /* Assets.xcassets in Resources */,
			);
			runOnlyForDeploymentPostprocessing = 0;
		};
		CD342239288AFB4D00AF88B1 /* Resources */ = {
			isa = PBXResourcesBuildPhase;
			buildActionMask = 2147483647;
			files = (
				CD342243288AFB4D00AF88B1 /* Assets.xcassets in Resources */,
			);
			runOnlyForDeploymentPostprocessing = 0;
		};
/* End PBXResourcesBuildPhase section */

/* Begin PBXSourcesBuildPhase section */
		CD342231288AFB4D00AF88B1 /* Sources */ = {
			isa = PBXSourcesBuildPhase;
			buildActionMask = 2147483647;
			files = (
				CD342259288AFBF600AF88B1 /* UtilityViews.swift in Sources */,
				CD342240288AFB4D00AF88B1 /* EmojiArtDocumentView in Sources */,
				CD34224D288AFB9500AF88B1 /* EmojiArtDocument.swift in Sources */,
				CD342256288AFBD500AF88B1 /* UtilityExtensions.swift in Sources */,
				CD342250288AFBA900AF88B1 /* EmojiArtModel.swift in Sources */,
				CD34223E288AFB4D00AF88B1 /* a5App.swift in Sources */,
				CD342253288AFBBE00AF88B1 /* EmojiArtModel.Background.swift in Sources */,
			);
			runOnlyForDeploymentPostprocessing = 0;
		};
		CD342237288AFB4D00AF88B1 /* Sources */ = {
			isa = PBXSourcesBuildPhase;
			buildActionMask = 2147483647;
			files = (
				CD34225A288AFBF600AF88B1 /* UtilityViews.swift in Sources */,
				CD342241288AFB4D00AF88B1 /* EmojiArtDocumentView in Sources */,
				CD34224E288AFB9500AF88B1 /* EmojiArtDocument.swift in Sources */,
				CD342257288AFBD500AF88B1 /* UtilityExtensions.swift in Sources */,
				CD342251288AFBA900AF88B1 /* EmojiArtModel.swift in Sources */,
				CD34223F288AFB4D00AF88B1 /* a5App.swift in Sources */,
				CD342254288AFBBE00AF88B1 /* EmojiArtModel.Background.swift in Sources */,
			);
			runOnlyForDeploymentPostprocessing = 0;
		};
/* End PBXSourcesBuildPhase section */

/* Begin XCBuildConfiguration section */
		CD342244288AFB4D00AF88B1 /* Debug */ = {
			isa = XCBuildConfiguration;
			buildSettings = {
				ALWAYS_SEARCH_USER_PATHS = NO;
				CLANG_ANALYZER_NONNULL = YES;
				CLANG_ANALYZER_NUMBER_OBJECT_CONVERSION = YES_AGGRESSIVE;
				CLANG_CXX_LANGUAGE_STANDARD = "gnu++17";
				CLANG_ENABLE_MODULES = YES;
				CLANG_ENABLE_OBJC_ARC = YES;
				CLANG_ENABLE_OBJC_WEAK = YES;
				CLANG_WARN_BLOCK_CAPTURE_AUTORELEASING = YES;
				CLANG_WARN_BOOL_CONVERSION = YES;
				CLANG_WARN_COMMA = YES;
				CLANG_WARN_CONSTANT_CONVERSION = YES;
				CLANG_WARN_DEPRECATED_OBJC_IMPLEMENTATIONS = YES;
				CLANG_WARN_DIRECT_OBJC_ISA_USAGE = YES_ERROR;
				CLANG_WARN_DOCUMENTATION_COMMENTS = YES;
				CLANG_WARN_EMPTY_BODY = YES;
				CLANG_WARN_ENUM_CONVERSION = YES;
				CLANG_WARN_INFINITE_RECURSION = YES;
				CLANG_WARN_INT_CONVERSION = YES;
				CLANG_WARN_NON_LITERAL_NULL_CONVERSION = YES;
				CLANG_WARN_OBJC_IMPLICIT_RETAIN_SELF = YES;
				CLANG_WARN_OBJC_LITERAL_CONVERSION = YES;
				CLANG_WARN_OBJC_ROOT_CLASS = YES_ERROR;
				CLANG_WARN_QUOTED_INCLUDE_IN_FRAMEWORK_HEADER = YES;
				CLANG_WARN_RANGE_LOOP_ANALYSIS = YES;
				CLANG_WARN_STRICT_PROTOTYPES = YES;
				CLANG_WARN_SUSPICIOUS_MOVE = YES;
				CLANG_WARN_UNGUARDED_AVAILABILITY = YES_AGGRESSIVE;
				CLANG_WARN_UNREACHABLE_CODE = YES;
				CLANG_WARN__DUPLICATE_METHOD_MATCH = YES;
				COPY_PHASE_STRIP = NO;
				DEBUG_INFORMATION_FORMAT = dwarf;
				ENABLE_STRICT_OBJC_MSGSEND = YES;
				ENABLE_TESTABILITY = YES;
				GCC_C_LANGUAGE_STANDARD = gnu11;
				GCC_DYNAMIC_NO_PIC = NO;
				GCC_NO_COMMON_BLOCKS = YES;
				GCC_OPTIMIZATION_LEVEL = 0;
				GCC_PREPROCESSOR_DEFINITIONS = (
					"DEBUG=1",
					"$(inherited)",
				);
				GCC_WARN_64_TO_32_BIT_CONVERSION = YES;
				GCC_WARN_ABOUT_RETURN_TYPE = YES_ERROR;
				GCC_WARN_UNDECLARED_SELECTOR = YES;
				GCC_WARN_UNINITIALIZED_AUTOS = YES_AGGRESSIVE;
				GCC_WARN_UNUSED_FUNCTION = YES;
				GCC_WARN_UNUSED_VARIABLE = YES;
				MTL_ENABLE_DEBUG_INFO = INCLUDE_SOURCE;
				MTL_FAST_MATH = YES;
				ONLY_ACTIVE_ARCH = YES;
				SWIFT_ACTIVE_COMPILATION_CONDITIONS = DEBUG;
				SWIFT_OPTIMIZATION_LEVEL = "-Onone";
			};
			name = Debug;
		};
		CD342245288AFB4D00AF88B1 /* Release */ = {
			isa = XCBuildConfiguration;
			buildSettings = {
				ALWAYS_SEARCH_USER_PATHS = NO;
				CLANG_ANALYZER_NONNULL = YES;
				CLANG_ANALYZER_NUMBER_OBJECT_CONVERSION = YES_AGGRESSIVE;
				CLANG_CXX_LANGUAGE_STANDARD = "gnu++17";
				CLANG_ENABLE_MODULES = YES;
				CLANG_ENABLE_OBJC_ARC = YES;
				CLANG_ENABLE_OBJC_WEAK = YES;
				CLANG_WARN_BLOCK_CAPTURE_AUTORELEASING = YES;
				CLANG_WARN_BOOL_CONVERSION = YES;
				CLANG_WARN_COMMA = YES;
				CLANG_WARN_CONSTANT_CONVERSION = YES;
				CLANG_WARN_DEPRECATED_OBJC_IMPLEMENTATIONS = YES;
				CLANG_WARN_DIRECT_OBJC_ISA_USAGE = YES_ERROR;
				CLANG_WARN_DOCUMENTATION_COMMENTS = YES;
				CLANG_WARN_EMPTY_BODY = YES;
				CLANG_WARN_ENUM_CONVERSION = YES;
				CLANG_WARN_INFINITE_RECURSION = YES;
				CLANG_WARN_INT_CONVERSION = YES;
				CLANG_WARN_NON_LITERAL_NULL_CONVERSION = YES;
				CLANG_WARN_OBJC_IMPLICIT_RETAIN_SELF = YES;
				CLANG_WARN_OBJC_LITERAL_CONVERSION = YES;
				CLANG_WARN_OBJC_ROOT_CLASS = YES_ERROR;
				CLANG_WARN_QUOTED_INCLUDE_IN_FRAMEWORK_HEADER = YES;
				CLANG_WARN_RANGE_LOOP_ANALYSIS = YES;
				CLANG_WARN_STRICT_PROTOTYPES = YES;
				CLANG_WARN_SUSPICIOUS_MOVE = YES;
				CLANG_WARN_UNGUARDED_AVAILABILITY = YES_AGGRESSIVE;
				CLANG_WARN_UNREACHABLE_CODE = YES;
				CLANG_WARN__DUPLICATE_METHOD_MATCH = YES;
				COPY_PHASE_STRIP = NO;
				DEBUG_INFORMATION_FORMAT = "dwarf-with-dsym";
				ENABLE_NS_ASSERTIONS = NO;
				ENABLE_STRICT_OBJC_MSGSEND = YES;
				GCC_C_LANGUAGE_STANDARD = gnu11;
				GCC_NO_COMMON_BLOCKS = YES;
				GCC_WARN_64_TO_32_BIT_CONVERSION = YES;
				GCC_WARN_ABOUT_RETURN_TYPE = YES_ERROR;
				GCC_WARN_UNDECLARED_SELECTOR = YES;
				GCC_WARN_UNINITIALIZED_AUTOS = YES_AGGRESSIVE;
				GCC_WARN_UNUSED_FUNCTION = YES;
				GCC_WARN_UNUSED_VARIABLE = YES;
				MTL_ENABLE_DEBUG_INFO = NO;
				MTL_FAST_MATH = YES;
				SWIFT_COMPILATION_MODE = wholemodule;
				SWIFT_OPTIMIZATION_LEVEL = "-O";
			};
			name = Release;
		};
		CD342247288AFB4D00AF88B1 /* Debug */ = {
			isa = XCBuildConfiguration;
			buildSettings = {
				ASSETCATALOG_COMPILER_APPICON_NAME = AppIcon;
				ASSETCATALOG_COMPILER_GLOBAL_ACCENT_COLOR_NAME = AccentColor;
				CODE_SIGN_STYLE = Automatic;
				CURRENT_PROJECT_VERSION = 1;
				DEVELOPMENT_TEAM = CTCTH8JUHL;
				ENABLE_PREVIEWS = YES;
				GENERATE_INFOPLIST_FILE = YES;
				INFOPLIST_KEY_UIApplicationSceneManifest_Generation = YES;
				INFOPLIST_KEY_UIApplicationSupportsIndirectInputEvents = YES;
				INFOPLIST_KEY_UILaunchScreen_Generation = YES;
				INFOPLIST_KEY_UISupportedInterfaceOrientations_iPad = "UIInterfaceOrientationPortrait UIInterfaceOrientationPortraitUpsideDown UIInterfaceOrientationLandscapeLeft UIInterfaceOrientationLandscapeRight";
				INFOPLIST_KEY_UISupportedInterfaceOrientations_iPhone = "UIInterfaceOrientationPortrait UIInterfaceOrientationLandscapeLeft UIInterfaceOrientationLandscapeRight";
				IPHONEOS_DEPLOYMENT_TARGET = 15.5;
				LD_RUNPATH_SEARCH_PATHS = (
					"$(inherited)",
					"@executable_path/Frameworks",
				);
				MARKETING_VERSION = 1.0;
				PRODUCT_BUNDLE_IDENTIFIER = com.kevinwon.a5;
				PRODUCT_NAME = a5;
				SDKROOT = iphoneos;
				SWIFT_EMIT_LOC_STRINGS = YES;
				SWIFT_VERSION = 5.0;
				TARGETED_DEVICE_FAMILY = "1,2";
			};
			name = Debug;
		};
		CD342248288AFB4D00AF88B1 /* Release */ = {
			isa = XCBuildConfiguration;
			buildSettings = {
				ASSETCATALOG_COMPILER_APPICON_NAME = AppIcon;
				ASSETCATALOG_COMPILER_GLOBAL_ACCENT_COLOR_NAME = AccentColor;
				CODE_SIGN_STYLE = Automatic;
				CURRENT_PROJECT_VERSION = 1;
				DEVELOPMENT_TEAM = CTCTH8JUHL;
				ENABLE_PREVIEWS = YES;
				GENERATE_INFOPLIST_FILE = YES;
				INFOPLIST_KEY_UIApplicationSceneManifest_Generation = YES;
				INFOPLIST_KEY_UIApplicationSupportsIndirectInputEvents = YES;
				INFOPLIST_KEY_UILaunchScreen_Generation = YES;
				INFOPLIST_KEY_UISupportedInterfaceOrientations_iPad = "UIInterfaceOrientationPortrait UIInterfaceOrientationPortraitUpsideDown UIInterfaceOrientationLandscapeLeft UIInterfaceOrientationLandscapeRight";
				INFOPLIST_KEY_UISupportedInterfaceOrientations_iPhone = "UIInterfaceOrientationPortrait UIInterfaceOrientationLandscapeLeft UIInterfaceOrientationLandscapeRight";
				IPHONEOS_DEPLOYMENT_TARGET = 15.5;
				LD_RUNPATH_SEARCH_PATHS = (
					"$(inherited)",
					"@executable_path/Frameworks",
				);
				MARKETING_VERSION = 1.0;
				PRODUCT_BUNDLE_IDENTIFIER = com.kevinwon.a5;
				PRODUCT_NAME = a5;
				SDKROOT = iphoneos;
				SWIFT_EMIT_LOC_STRINGS = YES;
				SWIFT_VERSION = 5.0;
				TARGETED_DEVICE_FAMILY = "1,2";
				VALIDATE_PRODUCT = YES;
			};
			name = Release;
		};
		CD34224A288AFB4D00AF88B1 /* Debug */ = {
			isa = XCBuildConfiguration;
			buildSettings = {
				ASSETCATALOG_COMPILER_APPICON_NAME = AppIcon;
				ASSETCATALOG_COMPILER_GLOBAL_ACCENT_COLOR_NAME = AccentColor;
				CODE_SIGN_ENTITLEMENTS = macOS/macOS.entitlements;
				CODE_SIGN_STYLE = Automatic;
				COMBINE_HIDPI_IMAGES = YES;
				CURRENT_PROJECT_VERSION = 1;
				DEVELOPMENT_TEAM = CTCTH8JUHL;
				ENABLE_HARDENED_RUNTIME = YES;
				ENABLE_PREVIEWS = YES;
				GENERATE_INFOPLIST_FILE = YES;
				INFOPLIST_KEY_NSHumanReadableCopyright = "";
				LD_RUNPATH_SEARCH_PATHS = (
					"$(inherited)",
					"@executable_path/../Frameworks",
				);
				MACOSX_DEPLOYMENT_TARGET = 12.3;
				MARKETING_VERSION = 1.0;
				PRODUCT_BUNDLE_IDENTIFIER = com.kevinwon.a5;
				PRODUCT_NAME = a5;
				SDKROOT = macosx;
				SWIFT_EMIT_LOC_STRINGS = YES;
				SWIFT_VERSION = 5.0;
			};
			name = Debug;
		};
		CD34224B288AFB4D00AF88B1 /* Release */ = {
			isa = XCBuildConfiguration;
			buildSettings = {
				ASSETCATALOG_COMPILER_APPICON_NAME = AppIcon;
				ASSETCATALOG_COMPILER_GLOBAL_ACCENT_COLOR_NAME = AccentColor;
				CODE_SIGN_ENTITLEMENTS = macOS/macOS.entitlements;
				CODE_SIGN_STYLE = Automatic;
				COMBINE_HIDPI_IMAGES = YES;
				CURRENT_PROJECT_VERSION = 1;
				DEVELOPMENT_TEAM = CTCTH8JUHL;
				ENABLE_HARDENED_RUNTIME = YES;
				ENABLE_PREVIEWS = YES;
				GENERATE_INFOPLIST_FILE = YES;
				INFOPLIST_KEY_NSHumanReadableCopyright = "";
				LD_RUNPATH_SEARCH_PATHS = (
					"$(inherited)",
					"@executable_path/../Frameworks",
				);
				MACOSX_DEPLOYMENT_TARGET = 12.3;
				MARKETING_VERSION = 1.0;
				PRODUCT_BUNDLE_IDENTIFIER = com.kevinwon.a5;
				PRODUCT_NAME = a5;
				SDKROOT = macosx;
				SWIFT_EMIT_LOC_STRINGS = YES;
				SWIFT_VERSION = 5.0;
			};
			name = Release;
		};
/* End XCBuildConfiguration section */

/* Begin XCConfigurationList section */
		CD34222C288AFB4D00AF88B1 /* Build configuration list for PBXProject "a5" */ = {
			isa = XCConfigurationList;
			buildConfigurations = (
				CD342244288AFB4D00AF88B1 /* Debug */,
				CD342245288AFB4D00AF88B1 /* Release */,
			);
			defaultConfigurationIsVisible = 0;
			defaultConfigurationName = Release;
		};
		CD342246288AFB4D00AF88B1 /* Build configuration list for PBXNativeTarget "a5 (iOS)" */ = {
			isa = XCConfigurationList;
			buildConfigurations = (
				CD342247288AFB4D00AF88B1 /* Debug */,
				CD342248288AFB4D00AF88B1 /* Release */,
			);
			defaultConfigurationIsVisible = 0;
			defaultConfigurationName = Release;
		};
		CD342249288AFB4D00AF88B1 /* Build configuration list for PBXNativeTarget "a5 (macOS)" */ = {
			isa = XCConfigurationList;
			buildConfigurations = (
				CD34224A288AFB4D00AF88B1 /* Debug */,
				CD34224B288AFB4D00AF88B1 /* Release */,
			);
			defaultConfigurationIsVisible = 0;
			defaultConfigurationName = Release;
		};
/* End XCConfigurationList section */
	};
	rootObject = CD342229288AFB4D00AF88B1 /* Project object */;
}
